
Microsoft Visual Studio Solution File, Format Version 12.00
# Visual Studio Version 17
VisualStudioVersion = 17.2.32616.157
MinimumVisualStudioVersion = 10.0.40219.1
Project("{FAE04EC0-301F-11D3-BF4B-00C04F79EFBC}") = "WF_AdoNet", "WF_AdoNet\WF_AdoNet.csproj", "{551E4E4C-2E0E-4A01-859A-87532DDB5095}"
EndProject
Global
	GlobalSection(SolutionConfigurationPlatforms) = preSolution
		Debug|Any CPU = Debug|Any CPU
		Release|Any CPU = Release|Any CPU
	EndGlobalSection
	GlobalSection(ProjectConfigurationPlatforms) = postSolution
		{551E4E4C-2E0E-4A01-859A-87532DDB5095}.Debug|Any CPU.ActiveCfg = Debug|Any CPU
		{551E4E4C-2E0E-4A01-859A-87532DDB5095}.Debug|Any CPU.Build.0 = Debug|Any CPU
		{551E4E4C-2E0E-4A01-859A-87532DDB5095}.Release|Any CPU.ActiveCfg = Release|Any CPU
		{551E4E4C-2E0E-4A01-859A-87532DDB5095}.Release|Any CPU.Build.0 = Release|Any CPU
	EndGlobalSection
	GlobalSection(SolutionProperties) = preSolution
		HideSolutionNode = FALSE
	EndGlobalSection
	GlobalSection(ExtensibilityGlobals) = postSolution
		SolutionGuid = {A42C8660-07D5-40E4-8E61-60BC90C0A7A8}
	EndGlobalSection
EndGlobal
